// !$*UTF8*$!
{
	archiveVersion = 1;
	classes = {
	};
	objectVersion = 56;
	objects = {

/* Begin PBXBuildFile section */
		5B69C3E7298B97440051862F /* Assets.xcassets in Resources */ = {isa = PBXBuildFile; fileRef = 5B69C3E6298B97440051862F /* Assets.xcassets */; };
		5B69C3EB298B97440051862F /* Preview Assets.xcassets in Resources */ = {isa = PBXBuildFile; fileRef = 5B69C3EA298B97440051862F /* Preview Assets.xcassets */; };
		5B69C3F5298B97440051862F /* BaseTests.swift in Sources */ = {isa = PBXBuildFile; fileRef = 5B69C3F4298B97440051862F /* BaseTests.swift */; };
		5B69C3FF298B97440051862F /* BaseUITests.swift in Sources */ = {isa = PBXBuildFile; fileRef = 5B69C3FE298B97440051862F /* BaseUITests.swift */; };
		5B69C401298B97440051862F /* BaseUITestsLaunchTests.swift in Sources */ = {isa = PBXBuildFile; fileRef = 5B69C400298B97440051862F /* BaseUITestsLaunchTests.swift */; };
		5B69C410298B99090051862F /* FeatureApp in Frameworks */ = {isa = PBXBuildFile; productRef = 5B69C40F298B99090051862F /* FeatureApp */; };
/* End PBXBuildFile section */

/* Begin PBXContainerItemProxy section */
		5B69C3F1298B97440051862F /* PBXContainerItemProxy */ = {
			isa = PBXContainerItemProxy;
			containerPortal = 5B69C3D7298B97430051862F /* Project object */;
			proxyType = 1;
			remoteGlobalIDString = 5B69C3DE298B97430051862F;
			remoteInfo = Base;
		};
		5B69C3FB298B97440051862F /* PBXContainerItemProxy */ = {
			isa = PBXContainerItemProxy;
			containerPortal = 5B69C3D7298B97430051862F /* Project object */;
			proxyType = 1;
			remoteGlobalIDString = 5B69C3DE298B97430051862F;
			remoteInfo = Base;
		};
/* End PBXContainerItemProxy section */

/* Begin PBXFileReference section */
		5B21C86D2990AA060042F94B /* Info.plist */ = {isa = PBXFileReference; lastKnownFileType = text.plist; path = Info.plist; sourceTree = "<group>"; };
		5B69C3DF298B97430051862F /* Base.app */ = {isa = PBXFileReference; explicitFileType = wrapper.application; includeInIndex = 0; path = Base.app; sourceTree = BUILT_PRODUCTS_DIR; };
		5B69C3E6298B97440051862F /* Assets.xcassets */ = {isa = PBXFileReference; lastKnownFileType = folder.assetcatalog; path = Assets.xcassets; sourceTree = "<group>"; };
		5B69C3E8298B97440051862F /* Base.entitlements */ = {isa = PBXFileReference; lastKnownFileType = text.plist.entitlements; path = Base.entitlements; sourceTree = "<group>"; };
		5B69C3EA298B97440051862F /* Preview Assets.xcassets */ = {isa = PBXFileReference; lastKnownFileType = folder.assetcatalog; path = "Preview Assets.xcassets"; sourceTree = "<group>"; };
		5B69C3F0298B97440051862F /* BaseTests.xctest */ = {isa = PBXFileReference; explicitFileType = wrapper.cfbundle; includeInIndex = 0; path = BaseTests.xctest; sourceTree = BUILT_PRODUCTS_DIR; };
		5B69C3F4298B97440051862F /* BaseTests.swift */ = {isa = PBXFileReference; lastKnownFileType = sourcecode.swift; path = BaseTests.swift; sourceTree = "<group>"; };
		5B69C3FA298B97440051862F /* BaseUITests.xctest */ = {isa = PBXFileReference; explicitFileType = wrapper.cfbundle; includeInIndex = 0; path = BaseUITests.xctest; sourceTree = BUILT_PRODUCTS_DIR; };
		5B69C3FE298B97440051862F /* BaseUITests.swift */ = {isa = PBXFileReference; lastKnownFileType = sourcecode.swift; path = BaseUITests.swift; sourceTree = "<group>"; };
		5B69C400298B97440051862F /* BaseUITestsLaunchTests.swift */ = {isa = PBXFileReference; lastKnownFileType = sourcecode.swift; path = BaseUITestsLaunchTests.swift; sourceTree = "<group>"; };
		5B69C40D298B97B10051862F /* Photo */ = {isa = PBXFileReference; lastKnownFileType = wrapper; name = Photo; path = ../../Photo; sourceTree = "<group>"; };
/* End PBXFileReference section */

/* Begin PBXFrameworksBuildPhase section */
		5B69C3DC298B97430051862F /* Frameworks */ = {
			isa = PBXFrameworksBuildPhase;
			buildActionMask = 2147483647;
			files = (
				5B69C410298B99090051862F /* FeatureApp in Frameworks */,
			);
			runOnlyForDeploymentPostprocessing = 0;
		};
		5B69C3ED298B97440051862F /* Frameworks */ = {
			isa = PBXFrameworksBuildPhase;
			buildActionMask = 2147483647;
			files = (
			);
			runOnlyForDeploymentPostprocessing = 0;
		};
		5B69C3F7298B97440051862F /* Frameworks */ = {
			isa = PBXFrameworksBuildPhase;
			buildActionMask = 2147483647;
			files = (
			);
			runOnlyForDeploymentPostprocessing = 0;
		};
/* End PBXFrameworksBuildPhase section */

/* Begin PBXGroup section */
		5B69C3D6298B97430051862F = {
			isa = PBXGroup;
			children = (
				5B69C3E1298B97430051862F /* Base */,
				5B69C3F3298B97440051862F /* BaseTests */,
				5B69C3FD298B97440051862F /* BaseUITests */,
				5B69C3E0298B97430051862F /* Products */,
				5B69C40E298B99090051862F /* Frameworks */,
			);
			sourceTree = "<group>";
		};
		5B69C3E0298B97430051862F /* Products */ = {
			isa = PBXGroup;
			children = (
				5B69C3DF298B97430051862F /* Base.app */,
				5B69C3F0298B97440051862F /* BaseTests.xctest */,
				5B69C3FA298B97440051862F /* BaseUITests.xctest */,
			);
			name = Products;
			sourceTree = "<group>";
		};
		5B69C3E1298B97430051862F /* Base */ = {
			isa = PBXGroup;
			children = (
				5B69C40D298B97B10051862F /* Photo */,
				5B69C3E6298B97440051862F /* Assets.xcassets */,
				5B69C3E8298B97440051862F /* Base.entitlements */,
				5B21C86D2990AA060042F94B /* Info.plist */,
				5B69C3E9298B97440051862F /* Preview Content */,
			);
			path = Base;
			sourceTree = "<group>";
		};
		5B69C3E9298B97440051862F /* Preview Content */ = {
			isa = PBXGroup;
			children = (
				5B69C3EA298B97440051862F /* Preview Assets.xcassets */,
			);
			path = "Preview Content";
			sourceTree = "<group>";
		};
		5B69C3F3298B97440051862F /* BaseTests */ = {
			isa = PBXGroup;
			children = (
				5B69C3F4298B97440051862F /* BaseTests.swift */,
			);
			path = BaseTests;
			sourceTree = "<group>";
		};
		5B69C3FD298B97440051862F /* BaseUITests */ = {
			isa = PBXGroup;
			children = (
				5B69C3FE298B97440051862F /* BaseUITests.swift */,
				5B69C400298B97440051862F /* BaseUITestsLaunchTests.swift */,
			);
			path = BaseUITests;
			sourceTree = "<group>";
		};
		5B69C40E298B99090051862F /* Frameworks */ = {
			isa = PBXGroup;
			children = (
			);
			name = Frameworks;
			sourceTree = "<group>";
		};
/* End PBXGroup section */

/* Begin PBXNativeTarget section */
		5B69C3DE298B97430051862F /* Base */ = {
			isa = PBXNativeTarget;
			buildConfigurationList = 5B69C404298B97440051862F /* Build configuration list for PBXNativeTarget "Base" */;
			buildPhases = (
				5B69C3DB298B97430051862F /* Sources */,
				5B69C3DC298B97430051862F /* Frameworks */,
				5B69C3DD298B97430051862F /* Resources */,
			);
			buildRules = (
			);
			dependencies = (
			);
			name = Base;
			packageProductDependencies = (
				5B69C40F298B99090051862F /* FeatureApp */,
			);
			productName = Base;
			productReference = 5B69C3DF298B97430051862F /* Base.app */;
			productType = "com.apple.product-type.application";
		};
		5B69C3EF298B97440051862F /* BaseTests */ = {
			isa = PBXNativeTarget;
			buildConfigurationList = 5B69C407298B97440051862F /* Build configuration list for PBXNativeTarget "BaseTests" */;
			buildPhases = (
				5B69C3EC298B97440051862F /* Sources */,
				5B69C3ED298B97440051862F /* Frameworks */,
				5B69C3EE298B97440051862F /* Resources */,
			);
			buildRules = (
			);
			dependencies = (
				5B69C3F2298B97440051862F /* PBXTargetDependency */,
			);
			name = BaseTests;
			productName = BaseTests;
			productReference = 5B69C3F0298B97440051862F /* BaseTests.xctest */;
			productType = "com.apple.product-type.bundle.unit-test";
		};
		5B69C3F9298B97440051862F /* BaseUITests */ = {
			isa = PBXNativeTarget;
			buildConfigurationList = 5B69C40A298B97440051862F /* Build configuration list for PBXNativeTarget "BaseUITests" */;
			buildPhases = (
				5B69C3F6298B97440051862F /* Sources */,
				5B69C3F7298B97440051862F /* Frameworks */,
				5B69C3F8298B97440051862F /* Resources */,
			);
			buildRules = (
			);
			dependencies = (
				5B69C3FC298B97440051862F /* PBXTargetDependency */,
			);
			name = BaseUITests;
			productName = BaseUITests;
			productReference = 5B69C3FA298B97440051862F /* BaseUITests.xctest */;
			productType = "com.apple.product-type.bundle.ui-testing";
		};
/* End PBXNativeTarget section */

/* Begin PBXProject section */
		5B69C3D7298B97430051862F /* Project object */ = {
			isa = PBXProject;
			attributes = {
				BuildIndependentTargetsInParallel = 1;
				LastSwiftUpdateCheck = 1420;
				LastUpgradeCheck = 1420;
				TargetAttributes = {
					5B69C3DE298B97430051862F = {
						CreatedOnToolsVersion = 14.2;
					};
					5B69C3EF298B97440051862F = {
						CreatedOnToolsVersion = 14.2;
						TestTargetID = 5B69C3DE298B97430051862F;
					};
					5B69C3F9298B97440051862F = {
						CreatedOnToolsVersion = 14.2;
						TestTargetID = 5B69C3DE298B97430051862F;
					};
				};
			};
			buildConfigurationList = 5B69C3DA298B97430051862F /* Build configuration list for PBXProject "Base" */;
			compatibilityVersion = "Xcode 14.0";
			developmentRegion = en;
			hasScannedForEncodings = 0;
			knownRegions = (
				en,
				Base,
			);
			mainGroup = 5B69C3D6298B97430051862F;
			productRefGroup = 5B69C3E0298B97430051862F /* Products */;
			projectDirPath = "";
			projectRoot = "";
			targets = (
				5B69C3DE298B97430051862F /* Base */,
				5B69C3EF298B97440051862F /* BaseTests */,
				5B69C3F9298B97440051862F /* BaseUITests */,
			);
		};
/* End PBXProject section */

/* Begin PBXResourcesBuildPhase section */
		5B69C3DD298B97430051862F /* Resources */ = {
			isa = PBXResourcesBuildPhase;
			buildActionMask = 2147483647;
			files = (
				5B69C3EB298B97440051862F /* Preview Assets.xcassets in Resources */,
				5B69C3E7298B97440051862F /* Assets.xcassets in Resources */,
			);
			runOnlyForDeploymentPostprocessing = 0;
		};
		5B69C3EE298B97440051862F /* Resources */ = {
			isa = PBXResourcesBuildPhase;
			buildActionMask = 2147483647;
			files = (
			);
			runOnlyForDeploymentPostprocessing = 0;
		};
		5B69C3F8298B97440051862F /* Resources */ = {
			isa = PBXResourcesBuildPhase;
			buildActionMask = 2147483647;
			files = (
			);
			runOnlyForDeploymentPostprocessing = 0;
		};
/* End PBXResourcesBuildPhase section */

/* Begin PBXSourcesBuildPhase section */
		5B69C3DB298B97430051862F /* Sources */ = {
			isa = PBXSourcesBuildPhase;
			buildActionMask = 2147483647;
			files = (
			);
			runOnlyForDeploymentPostprocessing = 0;
		};
		5B69C3EC298B97440051862F /* Sources */ = {
			isa = PBXSourcesBuildPhase;
			buildActionMask = 2147483647;
			files = (
				5B69C3F5298B97440051862F /* BaseTests.swift in Sources */,
			);
			runOnlyForDeploymentPostprocessing = 0;
		};
		5B69C3F6298B97440051862F /* Sources */ = {
			isa = PBXSourcesBuildPhase;
			buildActionMask = 2147483647;
			files = (
				5B69C3FF298B97440051862F /* BaseUITests.swift in Sources */,
				5B69C401298B97440051862F /* BaseUITestsLaunchTests.swift in Sources */,
			);
			runOnlyForDeploymentPostprocessing = 0;
		};
/* End PBXSourcesBuildPhase section */

/* Begin PBXTargetDependency section */
		5B69C3F2298B97440051862F /* PBXTargetDependency */ = {
			isa = PBXTargetDependency;
			target = 5B69C3DE298B97430051862F /* Base */;
			targetProxy = 5B69C3F1298B97440051862F /* PBXContainerItemProxy */;
		};
		5B69C3FC298B97440051862F /* PBXTargetDependency */ = {
			isa = PBXTargetDependency;
			target = 5B69C3DE298B97430051862F /* Base */;
			targetProxy = 5B69C3FB298B97440051862F /* PBXContainerItemProxy */;
		};
/* End PBXTargetDependency section */

/* Begin XCBuildConfiguration section */
		5B69C402298B97440051862F /* Debug */ = {
			isa = XCBuildConfiguration;
			buildSettings = {
				ALWAYS_SEARCH_USER_PATHS = NO;
				CLANG_ANALYZER_NONNULL = YES;
				CLANG_ANALYZER_NUMBER_OBJECT_CONVERSION = YES_AGGRESSIVE;
				CLANG_CXX_LANGUAGE_STANDARD = "gnu++20";
				CLANG_ENABLE_MODULES = YES;
				CLANG_ENABLE_OBJC_ARC = YES;
				CLANG_ENABLE_OBJC_WEAK = YES;
				CLANG_WARN_BLOCK_CAPTURE_AUTORELEASING = YES;
				CLANG_WARN_BOOL_CONVERSION = YES;
				CLANG_WARN_COMMA = YES;
				CLANG_WARN_CONSTANT_CONVERSION = YES;
				CLANG_WARN_DEPRECATED_OBJC_IMPLEMENTATIONS = YES;
				CLANG_WARN_DIRECT_OBJC_ISA_USAGE = YES_ERROR;
				CLANG_WARN_DOCUMENTATION_COMMENTS = YES;
				CLANG_WARN_EMPTY_BODY = YES;
				CLANG_WARN_ENUM_CONVERSION = YES;
				CLANG_WARN_INFINITE_RECURSION = YES;
				CLANG_WARN_INT_CONVERSION = YES;
				CLANG_WARN_NON_LITERAL_NULL_CONVERSION = YES;
				CLANG_WARN_OBJC_IMPLICIT_RETAIN_SELF = YES;
				CLANG_WARN_OBJC_LITERAL_CONVERSION = YES;
				CLANG_WARN_OBJC_ROOT_CLASS = YES_ERROR;
				CLANG_WARN_QUOTED_INCLUDE_IN_FRAMEWORK_HEADER = YES;
				CLANG_WARN_RANGE_LOOP_ANALYSIS = YES;
				CLANG_WARN_STRICT_PROTOTYPES = YES;
				CLANG_WARN_SUSPICIOUS_MOVE = YES;
				CLANG_WARN_UNGUARDED_AVAILABILITY = YES_AGGRESSIVE;
				CLANG_WARN_UNREACHABLE_CODE = YES;
				CLANG_WARN__DUPLICATE_METHOD_MATCH = YES;
				COPY_PHASE_STRIP = NO;
				DEBUG_INFORMATION_FORMAT = dwarf;
				ENABLE_STRICT_OBJC_MSGSEND = YES;
				ENABLE_TESTABILITY = YES;
				GCC_C_LANGUAGE_STANDARD = gnu11;
				GCC_DYNAMIC_NO_PIC = NO;
				GCC_NO_COMMON_BLOCKS = YES;
				GCC_OPTIMIZATION_LEVEL = 0;
				GCC_PREPROCESSOR_DEFINITIONS = (
					"DEBUG=1",
					"$(inherited)",
				);
				GCC_WARN_64_TO_32_BIT_CONVERSION = YES;
				GCC_WARN_ABOUT_RETURN_TYPE = YES_ERROR;
				GCC_WARN_UNDECLARED_SELECTOR = YES;
				GCC_WARN_UNINITIALIZED_AUTOS = YES_AGGRESSIVE;
				GCC_WARN_UNUSED_FUNCTION = YES;
				GCC_WARN_UNUSED_VARIABLE = YES;
				MTL_ENABLE_DEBUG_INFO = INCLUDE_SOURCE;
				MTL_FAST_MATH = YES;
				ONLY_ACTIVE_ARCH = YES;
				SWIFT_ACTIVE_COMPILATION_CONDITIONS = DEBUG;
				SWIFT_OPTIMIZATION_LEVEL = "-Onone";
			};
			name = Debug;
		};
		5B69C403298B97440051862F /* Release */ = {
			isa = XCBuildConfiguration;
			buildSettings = {
				ALWAYS_SEARCH_USER_PATHS = NO;
				CLANG_ANALYZER_NONNULL = YES;
				CLANG_ANALYZER_NUMBER_OBJECT_CONVERSION = YES_AGGRESSIVE;
				CLANG_CXX_LANGUAGE_STANDARD = "gnu++20";
				CLANG_ENABLE_MODULES = YES;
				CLANG_ENABLE_OBJC_ARC = YES;
				CLANG_ENABLE_OBJC_WEAK = YES;
				CLANG_WARN_BLOCK_CAPTURE_AUTORELEASING = YES;
				CLANG_WARN_BOOL_CONVERSION = YES;
				CLANG_WARN_COMMA = YES;
				CLANG_WARN_CONSTANT_CONVERSION = YES;
				CLANG_WARN_DEPRECATED_OBJC_IMPLEMENTATIONS = YES;
				CLANG_WARN_DIRECT_OBJC_ISA_USAGE = YES_ERROR;
				CLANG_WARN_DOCUMENTATION_COMMENTS = YES;
				CLANG_WARN_EMPTY_BODY = YES;
				CLANG_WARN_ENUM_CONVERSION = YES;
				CLANG_WARN_INFINITE_RECURSION = YES;
				CLANG_WARN_INT_CONVERSION = YES;
				CLANG_WARN_NON_LITERAL_NULL_CONVERSION = YES;
				CLANG_WARN_OBJC_IMPLICIT_RETAIN_SELF = YES;
				CLANG_WARN_OBJC_LITERAL_CONVERSION = YES;
				CLANG_WARN_OBJC_ROOT_CLASS = YES_ERROR;
				CLANG_WARN_QUOTED_INCLUDE_IN_FRAMEWORK_HEADER = YES;
				CLANG_WARN_RANGE_LOOP_ANALYSIS = YES;
				CLANG_WARN_STRICT_PROTOTYPES = YES;
				CLANG_WARN_SUSPICIOUS_MOVE = YES;
				CLANG_WARN_UNGUARDED_AVAILABILITY = YES_AGGRESSIVE;
				CLANG_WARN_UNREACHABLE_CODE = YES;
				CLANG_WARN__DUPLICATE_METHOD_MATCH = YES;
				COPY_PHASE_STRIP = NO;
				DEBUG_INFORMATION_FORMAT = "dwarf-with-dsym";
				ENABLE_NS_ASSERTIONS = NO;
				ENABLE_STRICT_OBJC_MSGSEND = YES;
				GCC_C_LANGUAGE_STANDARD = gnu11;
				GCC_NO_COMMON_BLOCKS = YES;
				GCC_WARN_64_TO_32_BIT_CONVERSION = YES;
				GCC_WARN_ABOUT_RETURN_TYPE = YES_ERROR;
				GCC_WARN_UNDECLARED_SELECTOR = YES;
				GCC_WARN_UNINITIALIZED_AUTOS = YES_AGGRESSIVE;
				GCC_WARN_UNUSED_FUNCTION = YES;
				GCC_WARN_UNUSED_VARIABLE = YES;
				MTL_ENABLE_DEBUG_INFO = NO;
				MTL_FAST_MATH = YES;
				SWIFT_COMPILATION_MODE = wholemodule;
				SWIFT_OPTIMIZATION_LEVEL = "-O";
			};
			name = Release;
		};
		5B69C405298B97440051862F /* Debug */ = {
			isa = XCBuildConfiguration;
			buildSettings = {
				ASSETCATALOG_COMPILER_APPICON_NAME = AppIcon;
				ASSETCATALOG_COMPILER_GLOBAL_ACCENT_COLOR_NAME = AccentColor;
				CODE_SIGN_ENTITLEMENTS = Base/Base.entitlements;
				CODE_SIGN_STYLE = Automatic;
				CURRENT_PROJECT_VERSION = 1;
				DEVELOPMENT_ASSET_PATHS = "\"Base/Preview Content\"";
				DEVELOPMENT_TEAM = 36BAQ24D3W;
				ENABLE_HARDENED_RUNTIME = YES;
				ENABLE_PREVIEWS = YES;
				GENERATE_INFOPLIST_FILE = YES;
				INFOPLIST_FILE = Base/Info.plist;
				"INFOPLIST_KEY_UIApplicationSceneManifest_Generation[sdk=iphoneos*]" = YES;
				"INFOPLIST_KEY_UIApplicationSceneManifest_Generation[sdk=iphonesimulator*]" = YES;
				"INFOPLIST_KEY_UIApplicationSupportsIndirectInputEvents[sdk=iphoneos*]" = YES;
				"INFOPLIST_KEY_UIApplicationSupportsIndirectInputEvents[sdk=iphonesimulator*]" = YES;
				"INFOPLIST_KEY_UILaunchScreen_Generation[sdk=iphoneos*]" = YES;
				"INFOPLIST_KEY_UILaunchScreen_Generation[sdk=iphonesimulator*]" = YES;
				"INFOPLIST_KEY_UIStatusBarStyle[sdk=iphoneos*]" = UIStatusBarStyleDefault;
				"INFOPLIST_KEY_UIStatusBarStyle[sdk=iphonesimulator*]" = UIStatusBarStyleDefault;
				INFOPLIST_KEY_UISupportedInterfaceOrientations_iPad = "UIInterfaceOrientationPortrait UIInterfaceOrientationPortraitUpsideDown UIInterfaceOrientationLandscapeLeft UIInterfaceOrientationLandscapeRight";
				INFOPLIST_KEY_UISupportedInterfaceOrientations_iPhone = "UIInterfaceOrientationPortrait UIInterfaceOrientationLandscapeLeft UIInterfaceOrientationLandscapeRight";
				IPHONEOS_DEPLOYMENT_TARGET = 16.2;
				LD_RUNPATH_SEARCH_PATHS = "@executable_path/Frameworks";
				"LD_RUNPATH_SEARCH_PATHS[sdk=macosx*]" = "@executable_path/../Frameworks";
				MACOSX_DEPLOYMENT_TARGET = 13.1;
				MARKETING_VERSION = 1.0;
				PRODUCT_BUNDLE_IDENTIFIER = com.myCompany.Base;
				PRODUCT_NAME = "$(TARGET_NAME)";
				SDKROOT = auto;
				SUPPORTED_PLATFORMS = "iphoneos iphonesimulator macosx";
				SWIFT_EMIT_LOC_STRINGS = YES;
				SWIFT_VERSION = 5.0;
				TARGETED_DEVICE_FAMILY = "1,2";
			};
			name = Debug;
		};
		5B69C406298B97440051862F /* Release */ = {
			isa = XCBuildConfiguration;
			buildSettings = {
				ASSETCATALOG_COMPILER_APPICON_NAME = AppIcon;
				ASSETCATALOG_COMPILER_GLOBAL_ACCENT_COLOR_NAME = AccentColor;
				CODE_SIGN_ENTITLEMENTS = Base/Base.entitlements;
				CODE_SIGN_STYLE = Automatic;
				CURRENT_PROJECT_VERSION = 1;
				DEVELOPMENT_ASSET_PATHS = "\"Base/Preview Content\"";
				DEVELOPMENT_TEAM = 36BAQ24D3W;
				ENABLE_HARDENED_RUNTIME = YES;
				ENABLE_PREVIEWS = YES;
				GENERATE_INFOPLIST_FILE = YES;
				INFOPLIST_FILE = Base/Info.plist;
				"INFOPLIST_KEY_UIApplicationSceneManifest_Generation[sdk=iphoneos*]" = YES;
				"INFOPLIST_KEY_UIApplicationSceneManifest_Generation[sdk=iphonesimulator*]" = YES;
				"INFOPLIST_KEY_UIApplicationSupportsIndirectInputEvents[sdk=iphoneos*]" = YES;
				"INFOPLIST_KEY_UIApplicationSupportsIndirectInputEvents[sdk=iphonesimulator*]" = YES;
				"INFOPLIST_KEY_UILaunchScreen_Generation[sdk=iphoneos*]" = YES;
				"INFOPLIST_KEY_UILaunchScreen_Generation[sdk=iphonesimulator*]" = YES;
				"INFOPLIST_KEY_UIStatusBarStyle[sdk=iphoneos*]" = UIStatusBarStyleDefault;
				"INFOPLIST_KEY_UIStatusBarStyle[sdk=iphonesimulator*]" = UIStatusBarStyleDefault;
				INFOPLIST_KEY_UISupportedInterfaceOrientations_iPad = "UIInterfaceOrientationPortrait UIInterfaceOrientationPortraitUpsideDown UIInterfaceOrientationLandscapeLeft UIInterfaceOrientationLandscapeRight";
				INFOPLIST_KEY_UISupportedInterfaceOrientations_iPhone = "UIInterfaceOrientationPortrait UIInterfaceOrientationLandscapeLeft UIInterfaceOrientationLandscapeRight";
				IPHONEOS_DEPLOYMENT_TARGET = 16.2;
				LD_RUNPATH_SEARCH_PATHS = "@executable_path/Frameworks";
				"LD_RUNPATH_SEARCH_PATHS[sdk=macosx*]" = "@executable_path/../Frameworks";
				MACOSX_DEPLOYMENT_TARGET = 13.1;
				MARKETING_VERSION = 1.0;
				PRODUCT_BUNDLE_IDENTIFIER = com.myCompany.Base;
				PRODUCT_NAME = "$(TARGET_NAME)";
				SDKROOT = auto;
				SUPPORTED_PLATFORMS = "iphoneos iphonesimulator macosx";
				SWIFT_EMIT_LOC_STRINGS = YES;
				SWIFT_VERSION = 5.0;
				TARGETED_DEVICE_FAMILY = "1,2";
			};
			name = Release;
		};
		5B69C408298B97440051862F /* Debug */ = {
			isa = XCBuildConfiguration;
			buildSettings = {
				BUNDLE_LOADER = "$(TEST_HOST)";
				CODE_SIGN_STYLE = Automatic;
				CURRENT_PROJECT_VERSION = 1;
				DEVELOPMENT_TEAM = 36BAQ24D3W;
				GENERATE_INFOPLIST_FILE = YES;
				IPHONEOS_DEPLOYMENT_TARGET = 16.2;
				MACOSX_DEPLOYMENT_TARGET = 13.1;
				MARKETING_VERSION = 1.0;
				PRODUCT_BUNDLE_IDENTIFIER = com.myCompany.BaseTests;
				PRODUCT_NAME = "$(TARGET_NAME)";
				SDKROOT = auto;
				SUPPORTED_PLATFORMS = "iphoneos iphonesimulator macosx";
				SWIFT_EMIT_LOC_STRINGS = NO;
				SWIFT_VERSION = 5.0;
				TARGETED_DEVICE_FAMILY = "1,2";
				TEST_HOST = "$(BUILT_PRODUCTS_DIR)/Base.app/$(BUNDLE_EXECUTABLE_FOLDER_PATH)/Base";
			};
			name = Debug;
		};
		5B69C409298B97440051862F /* Release */ = {
			isa = XCBuildConfiguration;
			buildSettings = {
				BUNDLE_LOADER = "$(TEST_HOST)";
				CODE_SIGN_STYLE = Automatic;
				CURRENT_PROJECT_VERSION = 1;
				DEVELOPMENT_TEAM = 36BAQ24D3W;
				GENERATE_INFOPLIST_FILE = YES;
				IPHONEOS_DEPLOYMENT_TARGET = 16.2;
				MACOSX_DEPLOYMENT_TARGET = 13.1;
				MARKETING_VERSION = 1.0;
				PRODUCT_BUNDLE_IDENTIFIER = com.myCompany.BaseTests;
				PRODUCT_NAME = "$(TARGET_NAME)";
				SDKROOT = auto;
				SUPPORTED_PLATFORMS = "iphoneos iphonesimulator macosx";
				SWIFT_EMIT_LOC_STRINGS = NO;
				SWIFT_VERSION = 5.0;
				TARGETED_DEVICE_FAMILY = "1,2";
				TEST_HOST = "$(BUILT_PRODUCTS_DIR)/Base.app/$(BUNDLE_EXECUTABLE_FOLDER_PATH)/Base";
			};
			name = Release;
		};
		5B69C40B298B97440051862F /* Debug */ = {
			isa = XCBuildConfiguration;
			buildSettings = {
				CODE_SIGN_STYLE = Automatic;
				CURRENT_PROJECT_VERSION = 1;
				DEVELOPMENT_TEAM = 36BAQ24D3W;
				GENERATE_INFOPLIST_FILE = YES;
				IPHONEOS_DEPLOYMENT_TARGET = 16.2;
				MACOSX_DEPLOYMENT_TARGET = 13.1;
				MARKETING_VERSION = 1.0;
				PRODUCT_BUNDLE_IDENTIFIER = com.myCompany.BaseUITests;
				PRODUCT_NAME = "$(TARGET_NAME)";
				SDKROOT = auto;
				SUPPORTED_PLATFORMS = "iphoneos iphonesimulator macosx";
				SWIFT_EMIT_LOC_STRINGS = NO;
				SWIFT_VERSION = 5.0;
				TARGETED_DEVICE_FAMILY = "1,2";
				TEST_TARGET_NAME = Base;
			};
			name = Debug;
		};
		5B69C40C298B97440051862F /* Release */ = {
			isa = XCBuildConfiguration;
			buildSettings = {
				CODE_SIGN_STYLE = Automatic;
				CURRENT_PROJECT_VERSION = 1;
				DEVELOPMENT_TEAM = 36BAQ24D3W;
				GENERATE_INFOPLIST_FILE = YES;
				IPHONEOS_DEPLOYMENT_TARGET = 16.2;
				MACOSX_DEPLOYMENT_TARGET = 13.1;
				MARKETING_VERSION = 1.0;
				PRODUCT_BUNDLE_IDENTIFIER = com.myCompany.BaseUITests;
				PRODUCT_NAME = "$(TARGET_NAME)";
				SDKROOT = auto;
				SUPPORTED_PLATFORMS = "iphoneos iphonesimulator macosx";
				SWIFT_EMIT_LOC_STRINGS = NO;
				SWIFT_VERSION = 5.0;
				TARGETED_DEVICE_FAMILY = "1,2";
				TEST_TARGET_NAME = Base;
			};
			name = Release;
		};
/* End XCBuildConfiguration section */

/* Begin XCConfigurationList section */
		5B69C3DA298B97430051862F /* Build configuration list for PBXProject "Base" */ = {
			isa = XCConfigurationList;
			buildConfigurations = (
				5B69C402298B97440051862F /* Debug */,
				5B69C403298B97440051862F /* Release */,
			);
			defaultConfigurationIsVisible = 0;
			defaultConfigurationName = Release;
		};
		5B69C404298B97440051862F /* Build configuration list for PBXNativeTarget "Base" */ = {
			isa = XCConfigurationList;
			buildConfigurations = (
				5B69C405298B97440051862F /* Debug */,
				5B69C406298B97440051862F /* Release */,
			);
			defaultConfigurationIsVisible = 0;
			defaultConfigurationName = Release;
		};
		5B69C407298B97440051862F /* Build configuration list for PBXNativeTarget "BaseTests" */ = {
			isa = XCConfigurationList;
			buildConfigurations = (
				5B69C408298B97440051862F /* Debug */,
				5B69C409298B97440051862F /* Release */,
			);
			defaultConfigurationIsVisible = 0;
			defaultConfigurationName = Release;
		};
		5B69C40A298B97440051862F /* Build configuration list for PBXNativeTarget "BaseUITests" */ = {
			isa = XCConfigurationList;
			buildConfigurations = (
				5B69C40B298B97440051862F /* Debug */,
				5B69C40C298B97440051862F /* Release */,
			);
			defaultConfigurationIsVisible = 0;
			defaultConfigurationName = Release;
		};
/* End XCConfigurationList section */

/* Begin XCSwiftPackageProductDependency section */
		5B69C40F298B99090051862F /* FeatureApp */ = {
			isa = XCSwiftPackageProductDependency;
			productName = FeatureApp;
		};
/* End XCSwiftPackageProductDependency section */
	};
	rootObject = 5B69C3D7298B97430051862F /* Project object */;
}
